
Microsoft Visual Studio Solution File, Format Version 12.00
# Visual Studio 15
VisualStudioVersion = 15.0.26124.0
MinimumVisualStudioVersion = 15.0.26124.0
Project("{FAE04EC0-301F-11D3-BF4B-00C04F79EFBC}") = "Matrix.Agent.Directory", "Matrix.Agent.Directory\Matrix.Agent.Directory.csproj", "{5C6BE6DF-19BB-4FDF-963F-0184695A4057}"
EndProject
Project("{FAE04EC0-301F-11D3-BF4B-00C04F79EFBC}") = "Matrix.Agent.Directory.Business", "Matrix.Agent.Directory.Business\Matrix.Agent.Directory.Business.csproj", "{36A316CA-6674-400B-BE6B-77CC88D191B5}"
EndProject
Project("{FAE04EC0-301F-11D3-BF4B-00C04F79EFBC}") = "Matrix.Agent.Directory.Database", "Matrix.Agent.Directory.Database\Matrix.Agent.Directory.Database.csproj", "{68AA49F8-2F8D-45EC-B9E8-52AE2D5D066E}"
EndProject
Project("{FAE04EC0-301F-11D3-BF4B-00C04F79EFBC}") = "Matrix.Agent.Directory.Model", "Matrix.Agent.Directory.Model\Matrix.Agent.Directory.Model.csproj", "{41566579-1C4E-4275-8047-92C8682EBF5C}"
EndProject
Global
	GlobalSection(SolutionConfigurationPlatforms) = preSolution
		Debug|Any CPU = Debug|Any CPU
		Debug|x64 = Debug|x64
		Debug|x86 = Debug|x86
		Release|Any CPU = Release|Any CPU
		Release|x64 = Release|x64
		Release|x86 = Release|x86
	EndGlobalSection
	GlobalSection(SolutionProperties) = preSolution
		HideSolutionNode = FALSE
	EndGlobalSection
	GlobalSection(ProjectConfigurationPlatforms) = postSolution
		{5C6BE6DF-19BB-4FDF-963F-0184695A4057}.Debug|Any CPU.ActiveCfg = Debug|Any CPU
		{5C6BE6DF-19BB-4FDF-963F-0184695A4057}.Debug|Any CPU.Build.0 = Debug|Any CPU
		{5C6BE6DF-19BB-4FDF-963F-0184695A4057}.Debug|x64.ActiveCfg = Debug|Any CPU
		{5C6BE6DF-19BB-4FDF-963F-0184695A4057}.Debug|x64.Build.0 = Debug|Any CPU
		{5C6BE6DF-19BB-4FDF-963F-0184695A4057}.Debug|x86.ActiveCfg = Debug|Any CPU
		{5C6BE6DF-19BB-4FDF-963F-0184695A4057}.Debug|x86.Build.0 = Debug|Any CPU
		{5C6BE6DF-19BB-4FDF-963F-0184695A4057}.Release|Any CPU.ActiveCfg = Release|Any CPU
		{5C6BE6DF-19BB-4FDF-963F-0184695A4057}.Release|Any CPU.Build.0 = Release|Any CPU
		{5C6BE6DF-19BB-4FDF-963F-0184695A4057}.Release|x64.ActiveCfg = Release|Any CPU
		{5C6BE6DF-19BB-4FDF-963F-0184695A4057}.Release|x64.Build.0 = Release|Any CPU
		{5C6BE6DF-19BB-4FDF-963F-0184695A4057}.Release|x86.ActiveCfg = Release|Any CPU
		{5C6BE6DF-19BB-4FDF-963F-0184695A4057}.Release|x86.Build.0 = Release|Any CPU
		{36A316CA-6674-400B-BE6B-77CC88D191B5}.Debug|Any CPU.ActiveCfg = Debug|Any CPU
		{36A316CA-6674-400B-BE6B-77CC88D191B5}.Debug|Any CPU.Build.0 = Debug|Any CPU
		{36A316CA-6674-400B-BE6B-77CC88D191B5}.Debug|x64.ActiveCfg = Debug|Any CPU
		{36A316CA-6674-400B-BE6B-77CC88D191B5}.Debug|x64.Build.0 = Debug|Any CPU
		{36A316CA-6674-400B-BE6B-77CC88D191B5}.Debug|x86.ActiveCfg = Debug|Any CPU
		{36A316CA-6674-400B-BE6B-77CC88D191B5}.Debug|x86.Build.0 = Debug|Any CPU
		{36A316CA-6674-400B-BE6B-77CC88D191B5}.Release|Any CPU.ActiveCfg = Release|Any CPU
		{36A316CA-6674-400B-BE6B-77CC88D191B5}.Release|Any CPU.Build.0 = Release|Any CPU
		{36A316CA-6674-400B-BE6B-77CC88D191B5}.Release|x64.ActiveCfg = Release|Any CPU
		{36A316CA-6674-400B-BE6B-77CC88D191B5}.Release|x64.Build.0 = Release|Any CPU
		{36A316CA-6674-400B-BE6B-77CC88D191B5}.Release|x86.ActiveCfg = Release|Any CPU
		{36A316CA-6674-400B-BE6B-77CC88D191B5}.Release|x86.Build.0 = Release|Any CPU
		{68AA49F8-2F8D-45EC-B9E8-52AE2D5D066E}.Debug|Any CPU.ActiveCfg = Debug|Any CPU
		{68AA49F8-2F8D-45EC-B9E8-52AE2D5D066E}.Debug|Any CPU.Build.0 = Debug|Any CPU
		{68AA49F8-2F8D-45EC-B9E8-52AE2D5D066E}.Debug|x64.ActiveCfg = Debug|Any CPU
		{68AA49F8-2F8D-45EC-B9E8-52AE2D5D066E}.Debug|x64.Build.0 = Debug|Any CPU
		{68AA49F8-2F8D-45EC-B9E8-52AE2D5D066E}.Debug|x86.ActiveCfg = Debug|Any CPU
		{68AA49F8-2F8D-45EC-B9E8-52AE2D5D066E}.Debug|x86.Build.0 = Debug|Any CPU
		{68AA49F8-2F8D-45EC-B9E8-52AE2D5D066E}.Release|Any CPU.ActiveCfg = Release|Any CPU
		{68AA49F8-2F8D-45EC-B9E8-52AE2D5D066E}.Release|Any CPU.Build.0 = Release|Any CPU
		{68AA49F8-2F8D-45EC-B9E8-52AE2D5D066E}.Release|x64.ActiveCfg = Release|Any CPU
		{68AA49F8-2F8D-45EC-B9E8-52AE2D5D066E}.Release|x64.Build.0 = Release|Any CPU
		{68AA49F8-2F8D-45EC-B9E8-52AE2D5D066E}.Release|x86.ActiveCfg = Release|Any CPU
		{68AA49F8-2F8D-45EC-B9E8-52AE2D5D066E}.Release|x86.Build.0 = Release|Any CPU
		{41566579-1C4E-4275-8047-92C8682EBF5C}.Debug|Any CPU.ActiveCfg = Debug|Any CPU
		{41566579-1C4E-4275-8047-92C8682EBF5C}.Debug|Any CPU.Build.0 = Debug|Any CPU
		{41566579-1C4E-4275-8047-92C8682EBF5C}.Debug|x64.ActiveCfg = Debug|Any CPU
		{41566579-1C4E-4275-8047-92C8682EBF5C}.Debug|x64.Build.0 = Debug|Any CPU
		{41566579-1C4E-4275-8047-92C8682EBF5C}.Debug|x86.ActiveCfg = Debug|Any CPU
		{41566579-1C4E-4275-8047-92C8682EBF5C}.Debug|x86.Build.0 = Debug|Any CPU
		{41566579-1C4E-4275-8047-92C8682EBF5C}.Release|Any CPU.ActiveCfg = Release|Any CPU
		{41566579-1C4E-4275-8047-92C8682EBF5C}.Release|Any CPU.Build.0 = Release|Any CPU
		{41566579-1C4E-4275-8047-92C8682EBF5C}.Release|x64.ActiveCfg = Release|Any CPU
		{41566579-1C4E-4275-8047-92C8682EBF5C}.Release|x64.Build.0 = Release|Any CPU
		{41566579-1C4E-4275-8047-92C8682EBF5C}.Release|x86.ActiveCfg = Release|Any CPU
		{41566579-1C4E-4275-8047-92C8682EBF5C}.Release|x86.Build.0 = Release|Any CPU
	EndGlobalSection
EndGlobal
